Microsoft Visual Studio Solution File, Format Version 12.00
# Visual Studio 2012
Project("{FAE04EC0-301F-11D3-BF4B-00C04F79EFBC}") = "Eggodia", "Eggodia.csproj", "{97D24B6B-6A47-40B7-A0E5-86BA44B104DD}"
EndProject
Global
	GlobalSection(SolutionConfigurationPlatforms) = preSolution
	Debug|Any CPU = Debug|Any CPU
	ExportDebug|Any CPU = ExportDebug|Any CPU
	ExportRelease|Any CPU = ExportRelease|Any CPU
	EndGlobalSection
	GlobalSection(ProjectConfigurationPlatforms) = postSolution
		{97D24B6B-6A47-40B7-A0E5-86BA44B104DD}.Debug|Any CPU.ActiveCfg = Debug|Any CPU
		{97D24B6B-6A47-40B7-A0E5-86BA44B104DD}.Debug|Any CPU.Build.0 = Debug|Any CPU
		{97D24B6B-6A47-40B7-A0E5-86BA44B104DD}.ExportDebug|Any CPU.ActiveCfg = ExportDebug|Any CPU
		{97D24B6B-6A47-40B7-A0E5-86BA44B104DD}.ExportDebug|Any CPU.Build.0 = ExportDebug|Any CPU
		{97D24B6B-6A47-40B7-A0E5-86BA44B104DD}.ExportRelease|Any CPU.ActiveCfg = ExportRelease|Any CPU
		{97D24B6B-6A47-40B7-A0E5-86BA44B104DD}.ExportRelease|Any CPU.Build.0 = ExportRelease|Any CPU
	EndGlobalSection
EndGlobal
