Microsoft Visual Studio Solution File, Format Version 12.00
# Visual Studio Version 17
VisualStudioVersion = 17.5.2.0
MinimumVisualStudioVersion = 10.0.40219.1
Project("{2150E333-8FDC-42A3-9474-1A3956D46DE8}") = "Backend", "Backend", "{1AE8ACA6-933B-BF2A-3671-3E2EAC007D16}"
EndProject
Project("{FAE04EC0-301F-11D3-BF4B-00C04F79EFBC}") = "Eggodia.API", "Backend\Eggodia\Eggodia.API.csproj", "{8C6D96F3-ABFB-74BD-B0AA-00AB5DA5CB0B}"
EndProject
Global
	GlobalSection(SolutionConfigurationPlatforms) = preSolution
		Debug|Any CPU = Debug|Any CPU
		Release|Any CPU = Release|Any CPU
	EndGlobalSection
	GlobalSection(ProjectConfigurationPlatforms) = postSolution
		{8C6D96F3-ABFB-74BD-B0AA-00AB5DA5CB0B}.Debug|Any CPU.ActiveCfg = Debug|Any CPU
		{8C6D96F3-ABFB-74BD-B0AA-00AB5DA5CB0B}.Debug|Any CPU.Build.0 = Debug|Any CPU
		{8C6D96F3-ABFB-74BD-B0AA-00AB5DA5CB0B}.Release|Any CPU.ActiveCfg = Release|Any CPU
		{8C6D96F3-ABFB-74BD-B0AA-00AB5DA5CB0B}.Release|Any CPU.Build.0 = Release|Any CPU
	EndGlobalSection
	GlobalSection(SolutionProperties) = preSolution
		HideSolutionNode = FALSE
	EndGlobalSection
	GlobalSection(NestedProjects) = preSolution
		{8C6D96F3-ABFB-74BD-B0AA-00AB5DA5CB0B} = {1AE8ACA6-933B-BF2A-3671-3E2EAC007D16}
	EndGlobalSection
	GlobalSection(ExtensibilityGlobals) = postSolution
		SolutionGuid = {8612D0CA-7EF4-4D33-AEDB-EC2B83F5179F}
	EndGlobalSection
EndGlobal
